// !$*UTF8*$!
{
	archiveVersion = 1;
	classes = {
	};
	objectVersion = 50;
	objects = {

/* Begin PBXBuildFile section */
		FCCCD345264DB1A700EA90E6 /* AppDelegate.swift in Sources */ = {isa = PBXBuildFile; fileRef = FCCCD344264DB1A700EA90E6 /* AppDelegate.swift */; };
		FCCCD347264DB1A700EA90E6 /* SceneDelegate.swift in Sources */ = {isa = PBXBuildFile; fileRef = FCCCD346264DB1A700EA90E6 /* SceneDelegate.swift */; };
		FCCCD349264DB1A700EA90E6 /* ViewController.swift in Sources */ = {isa = PBXBuildFile; fileRef = FCCCD348264DB1A700EA90E6 /* ViewController.swift */; };
		FCCCD34C264DB1A700EA90E6 /* Main.storyboard in Resources */ = {isa = PBXBuildFile; fileRef = FCCCD34A264DB1A700EA90E6 /* Main.storyboard */; };
		FCCCD34E264DB1AB00EA90E6 /* Assets.xcassets in Resources */ = {isa = PBXBuildFile; fileRef = FCCCD34D264DB1AB00EA90E6 /* Assets.xcassets */; };
		FCCCD351264DB1AB00EA90E6 /* LaunchScreen.storyboard in Resources */ = {isa = PBXBuildFile; fileRef = FCCCD34F264DB1AB00EA90E6 /* LaunchScreen.storyboard */; };
		FCFA8546265459D800545203 /* Game.swift in Sources */ = {isa = PBXBuildFile; fileRef = FCFA8545265459D800545203 /* Game.swift */; };
		FCFA854826545A1B00545203 /* Question.swift in Sources */ = {isa = PBXBuildFile; fileRef = FCFA854726545A1A00545203 /* Question.swift */; };
		FCFA854A26545DC400545203 /* QuestionManager.swift in Sources */ = {isa = PBXBuildFile; fileRef = FCFA854926545DC400545203 /* QuestionManager.swift */; };
/* End PBXBuildFile section */

/* Begin PBXFileReference section */
		FCCCD341264DB1A700EA90E6 /* OpenQuiz.app */ = {isa = PBXFileReference; explicitFileType = wrapper.application; includeInIndex = 0; path = OpenQuiz.app; sourceTree = BUILT_PRODUCTS_DIR; };
		FCCCD344264DB1A700EA90E6 /* AppDelegate.swift */ = {isa = PBXFileReference; lastKnownFileType = sourcecode.swift; path = AppDelegate.swift; sourceTree = "<group>"; };
		FCCCD346264DB1A700EA90E6 /* SceneDelegate.swift */ = {isa = PBXFileReference; lastKnownFileType = sourcecode.swift; path = SceneDelegate.swift; sourceTree = "<group>"; };
		FCCCD348264DB1A700EA90E6 /* ViewController.swift */ = {isa = PBXFileReference; lastKnownFileType = sourcecode.swift; path = ViewController.swift; sourceTree = "<group>"; };
		FCCCD34B264DB1A700EA90E6 /* Base */ = {isa = PBXFileReference; lastKnownFileType = file.storyboard; name = Base; path = Base.lproj/Main.storyboard; sourceTree = "<group>"; };
		FCCCD34D264DB1AB00EA90E6 /* Assets.xcassets */ = {isa = PBXFileReference; lastKnownFileType = folder.assetcatalog; path = Assets.xcassets; sourceTree = "<group>"; };
		FCCCD350264DB1AB00EA90E6 /* Base */ = {isa = PBXFileReference; lastKnownFileType = file.storyboard; name = Base; path = Base.lproj/LaunchScreen.storyboard; sourceTree = "<group>"; };
		FCCCD352264DB1AB00EA90E6 /* Info.plist */ = {isa = PBXFileReference; lastKnownFileType = text.plist.xml; path = Info.plist; sourceTree = "<group>"; };
		FCCCD35E264DCA8A00EA90E6 /* Balham.otf */ = {isa = PBXFileReference; lastKnownFileType = file; path = Balham.otf; sourceTree = "<group>"; };
		FCCCD35F264DCAF600EA90E6 /* Balham.otf */ = {isa = PBXFileReference; lastKnownFileType = file; name = Balham.otf; path = ../../../../Downloads/Balham.otf; sourceTree = "<group>"; };
		FCFA8545265459D800545203 /* Game.swift */ = {isa = PBXFileReference; lastKnownFileType = sourcecode.swift; path = Game.swift; sourceTree = "<group>"; };
		FCFA854726545A1A00545203 /* Question.swift */ = {isa = PBXFileReference; lastKnownFileType = sourcecode.swift; path = Question.swift; sourceTree = "<group>"; };
		FCFA854926545DC400545203 /* QuestionManager.swift */ = {isa = PBXFileReference; lastKnownFileType = sourcecode.swift; path = QuestionManager.swift; sourceTree = "<group>"; };
/* End PBXFileReference section */

/* Begin PBXFrameworksBuildPhase section */
		FCCCD33E264DB1A700EA90E6 /* Frameworks */ = {
			isa = PBXFrameworksBuildPhase;
			buildActionMask = 2147483647;
			files = (
			);
			runOnlyForDeploymentPostprocessing = 0;
		};
/* End PBXFrameworksBuildPhase section */

/* Begin PBXGroup section */
		FCCCD338264DB1A700EA90E6 = {
			isa = PBXGroup;
			children = (
				FCCCD343264DB1A700EA90E6 /* OpenQuiz */,
				FCCCD342264DB1A700EA90E6 /* Products */,
			);
			sourceTree = "<group>";
		};
		FCCCD342264DB1A700EA90E6 /* Products */ = {
			isa = PBXGroup;
			children = (
				FCCCD341264DB1A700EA90E6 /* OpenQuiz.app */,
			);
			name = Products;
			sourceTree = "<group>";
		};
		FCCCD343264DB1A700EA90E6 /* OpenQuiz */ = {
			isa = PBXGroup;
			children = (
				FCCCD352264DB1AB00EA90E6 /* Info.plist */,
				FCCCD35B264DCA0F00EA90E6 /* View */,
				FCCCD35A264DCA0600EA90E6 /* Model */,
				FCCCD35D264DCA2300EA90E6 /* Supporting files */,
				FCCCD35C264DCA1500EA90E6 /* Controller */,
			);
			path = OpenQuiz;
			sourceTree = "<group>";
		};
		FCCCD35A264DCA0600EA90E6 /* Model */ = {
			isa = PBXGroup;
			children = (
				FCFA8545265459D800545203 /* Game.swift */,
				FCFA854726545A1A00545203 /* Question.swift */,
				FCFA854926545DC400545203 /* QuestionManager.swift */,
			);
			path = Model;
			sourceTree = "<group>";
		};
		FCCCD35B264DCA0F00EA90E6 /* View */ = {
			isa = PBXGroup;
			children = (
				FCCCD34A264DB1A700EA90E6 /* Main.storyboard */,
			);
			path = View;
			sourceTree = "<group>";
		};
		FCCCD35C264DCA1500EA90E6 /* Controller */ = {
			isa = PBXGroup;
			children = (
				FCCCD348264DB1A700EA90E6 /* ViewController.swift */,
			);
			path = Controller;
			sourceTree = "<group>";
		};
		FCCCD35D264DCA2300EA90E6 /* Supporting files */ = {
			isa = PBXGroup;
			children = (
				FCCCD35F264DCAF600EA90E6 /* Balham.otf */,
				FCCCD34F264DB1AB00EA90E6 /* LaunchScreen.storyboard */,
				FCCCD344264DB1A700EA90E6 /* AppDelegate.swift */,
				FCCCD346264DB1A700EA90E6 /* SceneDelegate.swift */,
				FCCCD35E264DCA8A00EA90E6 /* Balham.otf */,
				FCCCD34D264DB1AB00EA90E6 /* Assets.xcassets */,
			);
			path = "Supporting files";
			sourceTree = "<group>";
		};
/* End PBXGroup section */

/* Begin PBXNativeTarget section */
		FCCCD340264DB1A700EA90E6 /* OpenQuiz */ = {
			isa = PBXNativeTarget;
			buildConfigurationList = FCCCD355264DB1AB00EA90E6 /* Build configuration list for PBXNativeTarget "OpenQuiz" */;
			buildPhases = (
				FCCCD33D264DB1A700EA90E6 /* Sources */,
				FCCCD33E264DB1A700EA90E6 /* Frameworks */,
				FCCCD33F264DB1A700EA90E6 /* Resources */,
			);
			buildRules = (
			);
			dependencies = (
			);
			name = OpenQuiz;
			productName = OpenQuiz;
			productReference = FCCCD341264DB1A700EA90E6 /* OpenQuiz.app */;
			productType = "com.apple.product-type.application";
		};
/* End PBXNativeTarget section */

/* Begin PBXProject section */
		FCCCD339264DB1A700EA90E6 /* Project object */ = {
			isa = PBXProject;
			attributes = {
				LastSwiftUpdateCheck = 1170;
				LastUpgradeCheck = 1170;
				ORGANIZATIONNAME = "Siarhei Saukin (Étudiant)";
				TargetAttributes = {
					FCCCD340264DB1A700EA90E6 = {
						CreatedOnToolsVersion = 11.7;
					};
				};
			};
			buildConfigurationList = FCCCD33C264DB1A700EA90E6 /* Build configuration list for PBXProject "OpenQuiz" */;
			compatibilityVersion = "Xcode 9.3";
			developmentRegion = en;
			hasScannedForEncodings = 0;
			knownRegions = (
				en,
				Base,
			);
			mainGroup = FCCCD338264DB1A700EA90E6;
			productRefGroup = FCCCD342264DB1A700EA90E6 /* Products */;
			projectDirPath = "";
			projectRoot = "";
			targets = (
				FCCCD340264DB1A700EA90E6 /* OpenQuiz */,
			);
		};
/* End PBXProject section */

/* Begin PBXResourcesBuildPhase section */
		FCCCD33F264DB1A700EA90E6 /* Resources */ = {
			isa = PBXResourcesBuildPhase;
			buildActionMask = 2147483647;
			files = (
				FCCCD351264DB1AB00EA90E6 /* LaunchScreen.storyboard in Resources */,
				FCCCD34E264DB1AB00EA90E6 /* Assets.xcassets in Resources */,
				FCCCD34C264DB1A700EA90E6 /* Main.storyboard in Resources */,
			);
			runOnlyForDeploymentPostprocessing = 0;
		};
/* End PBXResourcesBuildPhase section */

/* Begin PBXSourcesBuildPhase section */
		FCCCD33D264DB1A700EA90E6 /* Sources */ = {
			isa = PBXSourcesBuildPhase;
			buildActionMask = 2147483647;
			files = (
				FCFA854826545A1B00545203 /* Question.swift in Sources */,
				FCCCD349264DB1A700EA90E6 /* ViewController.swift in Sources */,
				FCCCD345264DB1A700EA90E6 /* AppDelegate.swift in Sources */,
				FCCCD347264DB1A700EA90E6 /* SceneDelegate.swift in Sources */,
				FCFA8546265459D800545203 /* Game.swift in Sources */,
				FCFA854A26545DC400545203 /* QuestionManager.swift in Sources */,
			);
			runOnlyForDeploymentPostprocessing = 0;
		};
/* End PBXSourcesBuildPhase section */

/* Begin PBXVariantGroup section */
		FCCCD34A264DB1A700EA90E6 /* Main.storyboard */ = {
			isa = PBXVariantGroup;
			children = (
				FCCCD34B264DB1A700EA90E6 /* Base */,
			);
			name = Main.storyboard;
			sourceTree = "<group>";
		};
		FCCCD34F264DB1AB00EA90E6 /* LaunchScreen.storyboard */ = {
			isa = PBXVariantGroup;
			children = (
				FCCCD350264DB1AB00EA90E6 /* Base */,
			);
			name = LaunchScreen.storyboard;
			sourceTree = "<group>";
		};
/* End PBXVariantGroup section */

/* Begin XCBuildConfiguration section */
		FCCCD353264DB1AB00EA90E6 /* Debug */ = {
			isa = XCBuildConfiguration;
			buildSettings = {
				ALWAYS_SEARCH_USER_PATHS = NO;
				CLANG_ANALYZER_NONNULL = YES;
				CLANG_ANALYZER_NUMBER_OBJECT_CONVERSION = YES_AGGRESSIVE;
				CLANG_CXX_LANGUAGE_STANDARD = "gnu++14";
				CLANG_CXX_LIBRARY = "libc++";
				CLANG_ENABLE_MODULES = YES;
				CLANG_ENABLE_OBJC_ARC = YES;
				CLANG_ENABLE_OBJC_WEAK = YES;
				CLANG_WARN_BLOCK_CAPTURE_AUTORELEASING = YES;
				CLANG_WARN_BOOL_CONVERSION = YES;
				CLANG_WARN_COMMA = YES;
				CLANG_WARN_CONSTANT_CONVERSION = YES;
				CLANG_WARN_DEPRECATED_OBJC_IMPLEMENTATIONS = YES;
				CLANG_WARN_DIRECT_OBJC_ISA_USAGE = YES_ERROR;
				CLANG_WARN_DOCUMENTATION_COMMENTS = YES;
				CLANG_WARN_EMPTY_BODY = YES;
				CLANG_WARN_ENUM_CONVERSION = YES;
				CLANG_WARN_INFINITE_RECURSION = YES;
				CLANG_WARN_INT_CONVERSION = YES;
				CLANG_WARN_NON_LITERAL_NULL_CONVERSION = YES;
				CLANG_WARN_OBJC_IMPLICIT_RETAIN_SELF = YES;
				CLANG_WARN_OBJC_LITERAL_CONVERSION = YES;
				CLANG_WARN_OBJC_ROOT_CLASS = YES_ERROR;
				CLANG_WARN_RANGE_LOOP_ANALYSIS = YES;
				CLANG_WARN_STRICT_PROTOTYPES = YES;
				CLANG_WARN_SUSPICIOUS_MOVE = YES;
				CLANG_WARN_UNGUARDED_AVAILABILITY = YES_AGGRESSIVE;
				CLANG_WARN_UNREACHABLE_CODE = YES;
				CLANG_WARN__DUPLICATE_METHOD_MATCH = YES;
				COPY_PHASE_STRIP = NO;
				DEBUG_INFORMATION_FORMAT = dwarf;
				ENABLE_STRICT_OBJC_MSGSEND = YES;
				ENABLE_TESTABILITY = YES;
				GCC_C_LANGUAGE_STANDARD = gnu11;
				GCC_DYNAMIC_NO_PIC = NO;
				GCC_NO_COMMON_BLOCKS = YES;
				GCC_OPTIMIZATION_LEVEL = 0;
				GCC_PREPROCESSOR_DEFINITIONS = (
					"DEBUG=1",
					"$(inherited)",
				);
				GCC_WARN_64_TO_32_BIT_CONVERSION = YES;
				GCC_WARN_ABOUT_RETURN_TYPE = YES_ERROR;
				GCC_WARN_UNDECLARED_SELECTOR = YES;
				GCC_WARN_UNINITIALIZED_AUTOS = YES_AGGRESSIVE;
				GCC_WARN_UNUSED_FUNCTION = YES;
				GCC_WARN_UNUSED_VARIABLE = YES;
				IPHONEOS_DEPLOYMENT_TARGET = 13.7;
				MTL_ENABLE_DEBUG_INFO = INCLUDE_SOURCE;
				MTL_FAST_MATH = YES;
				ONLY_ACTIVE_ARCH = YES;
				SDKROOT = iphoneos;
				SWIFT_ACTIVE_COMPILATION_CONDITIONS = DEBUG;
				SWIFT_OPTIMIZATION_LEVEL = "-Onone";
			};
			name = Debug;
		};
		FCCCD354264DB1AB00EA90E6 /* Release */ = {
			isa = XCBuildConfiguration;
			buildSettings = {
				ALWAYS_SEARCH_USER_PATHS = NO;
				CLANG_ANALYZER_NONNULL = YES;
				CLANG_ANALYZER_NUMBER_OBJECT_CONVERSION = YES_AGGRESSIVE;
				CLANG_CXX_LANGUAGE_STANDARD = "gnu++14";
				CLANG_CXX_LIBRARY = "libc++";
				CLANG_ENABLE_MODULES = YES;
				CLANG_ENABLE_OBJC_ARC = YES;
				CLANG_ENABLE_OBJC_WEAK = YES;
				CLANG_WARN_BLOCK_CAPTURE_AUTORELEASING = YES;
				CLANG_WARN_BOOL_CONVERSION = YES;
				CLANG_WARN_COMMA = YES;
				CLANG_WARN_CONSTANT_CONVERSION = YES;
				CLANG_WARN_DEPRECATED_OBJC_IMPLEMENTATIONS = YES;
				CLANG_WARN_DIRECT_OBJC_ISA_USAGE = YES_ERROR;
				CLANG_WARN_DOCUMENTATION_COMMENTS = YES;
				CLANG_WARN_EMPTY_BODY = YES;
				CLANG_WARN_ENUM_CONVERSION = YES;
				CLANG_WARN_INFINITE_RECURSION = YES;
				CLANG_WARN_INT_CONVERSION = YES;
				CLANG_WARN_NON_LITERAL_NULL_CONVERSION = YES;
				CLANG_WARN_OBJC_IMPLICIT_RETAIN_SELF = YES;
				CLANG_WARN_OBJC_LITERAL_CONVERSION = YES;
				CLANG_WARN_OBJC_ROOT_CLASS = YES_ERROR;
				CLANG_WARN_RANGE_LOOP_ANALYSIS = YES;
				CLANG_WARN_STRICT_PROTOTYPES = YES;
				CLANG_WARN_SUSPICIOUS_MOVE = YES;
				CLANG_WARN_UNGUARDED_AVAILABILITY = YES_AGGRESSIVE;
				CLANG_WARN_UNREACHABLE_CODE = YES;
				CLANG_WARN__DUPLICATE_METHOD_MATCH = YES;
				COPY_PHASE_STRIP = NO;
				DEBUG_INFORMATION_FORMAT = "dwarf-with-dsym";
				ENABLE_NS_ASSERTIONS = NO;
				ENABLE_STRICT_OBJC_MSGSEND = YES;
				GCC_C_LANGUAGE_STANDARD = gnu11;
				GCC_NO_COMMON_BLOCKS = YES;
				GCC_WARN_64_TO_32_BIT_CONVERSION = YES;
				GCC_WARN_ABOUT_RETURN_TYPE = YES_ERROR;
				GCC_WARN_UNDECLARED_SELECTOR = YES;
				GCC_WARN_UNINITIALIZED_AUTOS = YES_AGGRESSIVE;
				GCC_WARN_UNUSED_FUNCTION = YES;
				GCC_WARN_UNUSED_VARIABLE = YES;
				IPHONEOS_DEPLOYMENT_TARGET = 13.7;
				MTL_ENABLE_DEBUG_INFO = NO;
				MTL_FAST_MATH = YES;
				SDKROOT = iphoneos;
				SWIFT_COMPILATION_MODE = wholemodule;
				SWIFT_OPTIMIZATION_LEVEL = "-O";
				VALIDATE_PRODUCT = YES;
			};
			name = Release;
		};
		FCCCD356264DB1AB00EA90E6 /* Debug */ = {
			isa = XCBuildConfiguration;
			buildSettings = {
				ASSETCATALOG_COMPILER_APPICON_NAME = AppIcon;
				CODE_SIGN_STYLE = Automatic;
				INFOPLIST_FILE = OpenQuiz/Info.plist;
				LD_RUNPATH_SEARCH_PATHS = (
					"$(inherited)",
					"@executable_path/Frameworks",
				);
				PRODUCT_BUNDLE_IDENTIFIER = me.saukin.OpenQuiz;
				PRODUCT_NAME = "$(TARGET_NAME)";
				SWIFT_VERSION = 5.0;
				TARGETED_DEVICE_FAMILY = "1,2";
			};
			name = Debug;
		};
		FCCCD357264DB1AB00EA90E6 /* Release */ = {
			isa = XCBuildConfiguration;
			buildSettings = {
				ASSETCATALOG_COMPILER_APPICON_NAME = AppIcon;
				CODE_SIGN_STYLE = Automatic;
				INFOPLIST_FILE = OpenQuiz/Info.plist;
				LD_RUNPATH_SEARCH_PATHS = (
					"$(inherited)",
					"@executable_path/Frameworks",
				);
				PRODUCT_BUNDLE_IDENTIFIER = me.saukin.OpenQuiz;
				PRODUCT_NAME = "$(TARGET_NAME)";
				SWIFT_VERSION = 5.0;
				TARGETED_DEVICE_FAMILY = "1,2";
			};
			name = Release;
		};
/* End XCBuildConfiguration section */

/* Begin XCConfigurationList section */
		FCCCD33C264DB1A700EA90E6 /* Build configuration list for PBXProject "OpenQuiz" */ = {
			isa = XCConfigurationList;
			buildConfigurations = (
				FCCCD353264DB1AB00EA90E6 /* Debug */,
				FCCCD354264DB1AB00EA90E6 /* Release */,
			);
			defaultConfigurationIsVisible = 0;
			defaultConfigurationName = Release;
		};
		FCCCD355264DB1AB00EA90E6 /* Build configuration list for PBXNativeTarget "OpenQuiz" */ = {
			isa = XCConfigurationList;
			buildConfigurations = (
				FCCCD356264DB1AB00EA90E6 /* Debug */,
				FCCCD357264DB1AB00EA90E6 /* Release */,
			);
			defaultConfigurationIsVisible = 0;
			defaultConfigurationName = Release;
		};
/* End XCConfigurationList section */
	};
	rootObject = FCCCD339264DB1A700EA90E6 /* Project object */;
}
